
Microsoft Visual Studio Solution File, Format Version 12.00
# Visual Studio 15
VisualStudioVersion = 15.0.28307.705
MinimumVisualStudioVersion = 10.0.40219.1
Project("{FAE04EC0-301F-11D3-BF4B-00C04F79EFBC}") = "Maximum_Points_You_Can_Obtain", "Maximum_Points_You_Can_Obtain\Maximum_Points_You_Can_Obtain.csproj", "{A997D5D8-D994-4BD0-8534-2E960AFEC8BF}"
EndProject
Global
	GlobalSection(SolutionConfigurationPlatforms) = preSolution
		Debug|Any CPU = Debug|Any CPU
		Release|Any CPU = Release|Any CPU
	EndGlobalSection
	GlobalSection(ProjectConfigurationPlatforms) = postSolution
		{A997D5D8-D994-4BD0-8534-2E960AFEC8BF}.Debug|Any CPU.ActiveCfg = Debug|Any CPU
		{A997D5D8-D994-4BD0-8534-2E960AFEC8BF}.Debug|Any CPU.Build.0 = Debug|Any CPU
		{A997D5D8-D994-4BD0-8534-2E960AFEC8BF}.Release|Any CPU.ActiveCfg = Release|Any CPU
		{A997D5D8-D994-4BD0-8534-2E960AFEC8BF}.Release|Any CPU.Build.0 = Release|Any CPU
	EndGlobalSection
	GlobalSection(SolutionProperties) = preSolution
		HideSolutionNode = FALSE
	EndGlobalSection
	GlobalSection(ExtensibilityGlobals) = postSolution
		SolutionGuid = {EE95E135-C6CB-415C-8B12-49646831D5FB}
	EndGlobalSection
EndGlobal
