
Microsoft Visual Studio Solution File, Format Version 12.00
# Visual Studio 15
VisualStudioVersion = 15.0.28307.705
MinimumVisualStudioVersion = 10.0.40219.1
Project("{FAE04EC0-301F-11D3-BF4B-00C04F79EFBC}") = "Path_Sum_II", "Path_Sum_II\Path_Sum_II.csproj", "{8A5F2F8C-670A-417D-864B-26E0806C6C42}"
EndProject
Global
	GlobalSection(SolutionConfigurationPlatforms) = preSolution
		Debug|Any CPU = Debug|Any CPU
		Release|Any CPU = Release|Any CPU
	EndGlobalSection
	GlobalSection(ProjectConfigurationPlatforms) = postSolution
		{8A5F2F8C-670A-417D-864B-26E0806C6C42}.Debug|Any CPU.ActiveCfg = Debug|Any CPU
		{8A5F2F8C-670A-417D-864B-26E0806C6C42}.Debug|Any CPU.Build.0 = Debug|Any CPU
		{8A5F2F8C-670A-417D-864B-26E0806C6C42}.Release|Any CPU.ActiveCfg = Release|Any CPU
		{8A5F2F8C-670A-417D-864B-26E0806C6C42}.Release|Any CPU.Build.0 = Release|Any CPU
	EndGlobalSection
	GlobalSection(SolutionProperties) = preSolution
		HideSolutionNode = FALSE
	EndGlobalSection
	GlobalSection(ExtensibilityGlobals) = postSolution
		SolutionGuid = {D4D3B7D2-E964-425D-9C75-B5C55D096590}
	EndGlobalSection
EndGlobal
