
Microsoft Visual Studio Solution File, Format Version 12.00
# Visual Studio 15
VisualStudioVersion = 15.0.28307.705
MinimumVisualStudioVersion = 10.0.40219.1
Project("{FAE04EC0-301F-11D3-BF4B-00C04F79EFBC}") = "Longest_Substring_Without_Repeating_Char", "Longest_Substring_Without_Repeating_Char\Longest_Substring_Without_Repeating_Char.csproj", "{12D9033A-0B92-490C-9969-94498E0E2AF6}"
EndProject
Global
	GlobalSection(SolutionConfigurationPlatforms) = preSolution
		Debug|Any CPU = Debug|Any CPU
		Release|Any CPU = Release|Any CPU
	EndGlobalSection
	GlobalSection(ProjectConfigurationPlatforms) = postSolution
		{12D9033A-0B92-490C-9969-94498E0E2AF6}.Debug|Any CPU.ActiveCfg = Debug|Any CPU
		{12D9033A-0B92-490C-9969-94498E0E2AF6}.Debug|Any CPU.Build.0 = Debug|Any CPU
		{12D9033A-0B92-490C-9969-94498E0E2AF6}.Release|Any CPU.ActiveCfg = Release|Any CPU
		{12D9033A-0B92-490C-9969-94498E0E2AF6}.Release|Any CPU.Build.0 = Release|Any CPU
	EndGlobalSection
	GlobalSection(SolutionProperties) = preSolution
		HideSolutionNode = FALSE
	EndGlobalSection
	GlobalSection(ExtensibilityGlobals) = postSolution
		SolutionGuid = {14E1B1AF-919B-42FF-8E56-FBDC954105A6}
	EndGlobalSection
EndGlobal
