
Microsoft Visual Studio Solution File, Format Version 12.00
# Visual Studio 15
VisualStudioVersion = 15.0.28307.705
MinimumVisualStudioVersion = 10.0.40219.1
Project("{FAE04EC0-301F-11D3-BF4B-00C04F79EFBC}") = "Word_Ladder_II", "Word_Ladder_II\Word_Ladder_II.csproj", "{73307CB3-93D8-4D4D-AF87-081C20DFE220}"
EndProject
Global
	GlobalSection(SolutionConfigurationPlatforms) = preSolution
		Debug|Any CPU = Debug|Any CPU
		Release|Any CPU = Release|Any CPU
	EndGlobalSection
	GlobalSection(ProjectConfigurationPlatforms) = postSolution
		{73307CB3-93D8-4D4D-AF87-081C20DFE220}.Debug|Any CPU.ActiveCfg = Debug|Any CPU
		{73307CB3-93D8-4D4D-AF87-081C20DFE220}.Debug|Any CPU.Build.0 = Debug|Any CPU
		{73307CB3-93D8-4D4D-AF87-081C20DFE220}.Release|Any CPU.ActiveCfg = Release|Any CPU
		{73307CB3-93D8-4D4D-AF87-081C20DFE220}.Release|Any CPU.Build.0 = Release|Any CPU
	EndGlobalSection
	GlobalSection(SolutionProperties) = preSolution
		HideSolutionNode = FALSE
	EndGlobalSection
	GlobalSection(ExtensibilityGlobals) = postSolution
		SolutionGuid = {633A5FEB-9262-415F-A068-1EE8CF9F504A}
	EndGlobalSection
EndGlobal
