
Microsoft Visual Studio Solution File, Format Version 12.00
# Visual Studio 15
VisualStudioVersion = 15.0.28307.705
MinimumVisualStudioVersion = 10.0.40219.1
Project("{FAE04EC0-301F-11D3-BF4B-00C04F79EFBC}") = "Max_Increase_to_Keep_City_Skyline", "Max_Increase_to_Keep_City_Skyline\Max_Increase_to_Keep_City_Skyline.csproj", "{C074A655-00FD-4DC8-A6C5-D00BB2367434}"
EndProject
Global
	GlobalSection(SolutionConfigurationPlatforms) = preSolution
		Debug|Any CPU = Debug|Any CPU
		Release|Any CPU = Release|Any CPU
	EndGlobalSection
	GlobalSection(ProjectConfigurationPlatforms) = postSolution
		{C074A655-00FD-4DC8-A6C5-D00BB2367434}.Debug|Any CPU.ActiveCfg = Debug|Any CPU
		{C074A655-00FD-4DC8-A6C5-D00BB2367434}.Debug|Any CPU.Build.0 = Debug|Any CPU
		{C074A655-00FD-4DC8-A6C5-D00BB2367434}.Release|Any CPU.ActiveCfg = Release|Any CPU
		{C074A655-00FD-4DC8-A6C5-D00BB2367434}.Release|Any CPU.Build.0 = Release|Any CPU
	EndGlobalSection
	GlobalSection(SolutionProperties) = preSolution
		HideSolutionNode = FALSE
	EndGlobalSection
	GlobalSection(ExtensibilityGlobals) = postSolution
		SolutionGuid = {EFE0537D-D572-45DB-B189-A4DBCEF79B3E}
	EndGlobalSection
EndGlobal
