
Microsoft Visual Studio Solution File, Format Version 12.00
# Visual Studio 15
VisualStudioVersion = 15.0.28307.705
MinimumVisualStudioVersion = 10.0.40219.1
Project("{FAE04EC0-301F-11D3-BF4B-00C04F79EFBC}") = "Favorite_Genres", "Favorite_Genres\Favorite_Genres.csproj", "{00B4C1B5-BB86-450F-870C-9A5139A4343A}"
EndProject
Global
	GlobalSection(SolutionConfigurationPlatforms) = preSolution
		Debug|Any CPU = Debug|Any CPU
		Release|Any CPU = Release|Any CPU
	EndGlobalSection
	GlobalSection(ProjectConfigurationPlatforms) = postSolution
		{00B4C1B5-BB86-450F-870C-9A5139A4343A}.Debug|Any CPU.ActiveCfg = Debug|Any CPU
		{00B4C1B5-BB86-450F-870C-9A5139A4343A}.Debug|Any CPU.Build.0 = Debug|Any CPU
		{00B4C1B5-BB86-450F-870C-9A5139A4343A}.Release|Any CPU.ActiveCfg = Release|Any CPU
		{00B4C1B5-BB86-450F-870C-9A5139A4343A}.Release|Any CPU.Build.0 = Release|Any CPU
	EndGlobalSection
	GlobalSection(SolutionProperties) = preSolution
		HideSolutionNode = FALSE
	EndGlobalSection
	GlobalSection(ExtensibilityGlobals) = postSolution
		SolutionGuid = {8DC07CB3-AD1D-40A0-8462-999BF3CD8773}
	EndGlobalSection
EndGlobal
