
Microsoft Visual Studio Solution File, Format Version 12.00
# Visual Studio 15
VisualStudioVersion = 15.0.28307.705
MinimumVisualStudioVersion = 10.0.40219.1
Project("{FAE04EC0-301F-11D3-BF4B-00C04F79EFBC}") = "Pancake_Sorting", "Pancake_Sorting\Pancake_Sorting.csproj", "{DB640893-E04E-4CAB-B9F9-8A16BDD39019}"
EndProject
Global
	GlobalSection(SolutionConfigurationPlatforms) = preSolution
		Debug|Any CPU = Debug|Any CPU
		Release|Any CPU = Release|Any CPU
	EndGlobalSection
	GlobalSection(ProjectConfigurationPlatforms) = postSolution
		{DB640893-E04E-4CAB-B9F9-8A16BDD39019}.Debug|Any CPU.ActiveCfg = Debug|Any CPU
		{DB640893-E04E-4CAB-B9F9-8A16BDD39019}.Debug|Any CPU.Build.0 = Debug|Any CPU
		{DB640893-E04E-4CAB-B9F9-8A16BDD39019}.Release|Any CPU.ActiveCfg = Release|Any CPU
		{DB640893-E04E-4CAB-B9F9-8A16BDD39019}.Release|Any CPU.Build.0 = Release|Any CPU
	EndGlobalSection
	GlobalSection(SolutionProperties) = preSolution
		HideSolutionNode = FALSE
	EndGlobalSection
	GlobalSection(ExtensibilityGlobals) = postSolution
		SolutionGuid = {6D0545B2-BC4E-484F-8801-B7D0A779FB0A}
	EndGlobalSection
EndGlobal
