
Microsoft Visual Studio Solution File, Format Version 12.00
# Visual Studio 15
VisualStudioVersion = 15.0.28307.705
MinimumVisualStudioVersion = 10.0.40219.1
Project("{FAE04EC0-301F-11D3-BF4B-00C04F79EFBC}") = "Remove_K_Digits", "Remove_K_Digits\Remove_K_Digits.csproj", "{EABB22CA-394A-4440-890B-5922C2633DE7}"
EndProject
Global
	GlobalSection(SolutionConfigurationPlatforms) = preSolution
		Debug|Any CPU = Debug|Any CPU
		Release|Any CPU = Release|Any CPU
	EndGlobalSection
	GlobalSection(ProjectConfigurationPlatforms) = postSolution
		{EABB22CA-394A-4440-890B-5922C2633DE7}.Debug|Any CPU.ActiveCfg = Debug|Any CPU
		{EABB22CA-394A-4440-890B-5922C2633DE7}.Debug|Any CPU.Build.0 = Debug|Any CPU
		{EABB22CA-394A-4440-890B-5922C2633DE7}.Release|Any CPU.ActiveCfg = Release|Any CPU
		{EABB22CA-394A-4440-890B-5922C2633DE7}.Release|Any CPU.Build.0 = Release|Any CPU
	EndGlobalSection
	GlobalSection(SolutionProperties) = preSolution
		HideSolutionNode = FALSE
	EndGlobalSection
	GlobalSection(ExtensibilityGlobals) = postSolution
		SolutionGuid = {6ABFACA3-96A2-40D2-AA77-EBA1197C9CC8}
	EndGlobalSection
EndGlobal
