
Microsoft Visual Studio Solution File, Format Version 12.00
# Visual Studio 15
VisualStudioVersion = 15.0.28307.705
MinimumVisualStudioVersion = 10.0.40219.1
Project("{FAE04EC0-301F-11D3-BF4B-00C04F79EFBC}") = "Minimum_Remove_to_Make_Valid", "Minimum_Remove_to_Make_Valid\Minimum_Remove_to_Make_Valid.csproj", "{90C2B23A-11C3-4767-85AC-051B01BBCE93}"
EndProject
Global
	GlobalSection(SolutionConfigurationPlatforms) = preSolution
		Debug|Any CPU = Debug|Any CPU
		Release|Any CPU = Release|Any CPU
	EndGlobalSection
	GlobalSection(ProjectConfigurationPlatforms) = postSolution
		{90C2B23A-11C3-4767-85AC-051B01BBCE93}.Debug|Any CPU.ActiveCfg = Debug|Any CPU
		{90C2B23A-11C3-4767-85AC-051B01BBCE93}.Debug|Any CPU.Build.0 = Debug|Any CPU
		{90C2B23A-11C3-4767-85AC-051B01BBCE93}.Release|Any CPU.ActiveCfg = Release|Any CPU
		{90C2B23A-11C3-4767-85AC-051B01BBCE93}.Release|Any CPU.Build.0 = Release|Any CPU
	EndGlobalSection
	GlobalSection(SolutionProperties) = preSolution
		HideSolutionNode = FALSE
	EndGlobalSection
	GlobalSection(ExtensibilityGlobals) = postSolution
		SolutionGuid = {F59E9895-296D-4CD6-9003-C5FDC84B5B10}
	EndGlobalSection
EndGlobal
