
Microsoft Visual Studio Solution File, Format Version 12.00
# Visual Studio 15
VisualStudioVersion = 15.0.28307.705
MinimumVisualStudioVersion = 10.0.40219.1
Project("{FAE04EC0-301F-11D3-BF4B-00C04F79EFBC}") = "Maximum_Level_Sum_of_a_Binary_Tree", "Maximum_Level_Sum_of_a_Binary_Tree\Maximum_Level_Sum_of_a_Binary_Tree.csproj", "{26F71CED-9E3D-49CA-B9C8-FB22480A3523}"
EndProject
Global
	GlobalSection(SolutionConfigurationPlatforms) = preSolution
		Debug|Any CPU = Debug|Any CPU
		Release|Any CPU = Release|Any CPU
	EndGlobalSection
	GlobalSection(ProjectConfigurationPlatforms) = postSolution
		{26F71CED-9E3D-49CA-B9C8-FB22480A3523}.Debug|Any CPU.ActiveCfg = Debug|Any CPU
		{26F71CED-9E3D-49CA-B9C8-FB22480A3523}.Debug|Any CPU.Build.0 = Debug|Any CPU
		{26F71CED-9E3D-49CA-B9C8-FB22480A3523}.Release|Any CPU.ActiveCfg = Release|Any CPU
		{26F71CED-9E3D-49CA-B9C8-FB22480A3523}.Release|Any CPU.Build.0 = Release|Any CPU
	EndGlobalSection
	GlobalSection(SolutionProperties) = preSolution
		HideSolutionNode = FALSE
	EndGlobalSection
	GlobalSection(ExtensibilityGlobals) = postSolution
		SolutionGuid = {B4DCC1C9-4C83-4122-A275-70CC7AE1DB1D}
	EndGlobalSection
EndGlobal
