
Microsoft Visual Studio Solution File, Format Version 12.00
# Visual Studio 15
VisualStudioVersion = 15.0.28307.705
MinimumVisualStudioVersion = 10.0.40219.1
Project("{FAE04EC0-301F-11D3-BF4B-00C04F79EFBC}") = "Maximum_Depth_of_Binary_Tree", "Maximum_Depth_of_Binary_Tree\Maximum_Depth_of_Binary_Tree.csproj", "{4F8EFFD7-77A4-4D82-98D8-7E0EB2C72A7F}"
EndProject
Global
	GlobalSection(SolutionConfigurationPlatforms) = preSolution
		Debug|Any CPU = Debug|Any CPU
		Release|Any CPU = Release|Any CPU
	EndGlobalSection
	GlobalSection(ProjectConfigurationPlatforms) = postSolution
		{4F8EFFD7-77A4-4D82-98D8-7E0EB2C72A7F}.Debug|Any CPU.ActiveCfg = Debug|Any CPU
		{4F8EFFD7-77A4-4D82-98D8-7E0EB2C72A7F}.Debug|Any CPU.Build.0 = Debug|Any CPU
		{4F8EFFD7-77A4-4D82-98D8-7E0EB2C72A7F}.Release|Any CPU.ActiveCfg = Release|Any CPU
		{4F8EFFD7-77A4-4D82-98D8-7E0EB2C72A7F}.Release|Any CPU.Build.0 = Release|Any CPU
	EndGlobalSection
	GlobalSection(SolutionProperties) = preSolution
		HideSolutionNode = FALSE
	EndGlobalSection
	GlobalSection(ExtensibilityGlobals) = postSolution
		SolutionGuid = {AB6D4634-382F-45CF-B970-600AA9C78A38}
	EndGlobalSection
EndGlobal
