
Microsoft Visual Studio Solution File, Format Version 12.00
# Visual Studio 15
VisualStudioVersion = 15.0.28307.705
MinimumVisualStudioVersion = 10.0.40219.1
Project("{FAE04EC0-301F-11D3-BF4B-00C04F79EFBC}") = "Course_Schedule_II", "Course_Schedule_II\Course_Schedule_II.csproj", "{AEBE8ED6-8826-4426-B793-DA6E8DFB8871}"
EndProject
Global
	GlobalSection(SolutionConfigurationPlatforms) = preSolution
		Debug|Any CPU = Debug|Any CPU
		Release|Any CPU = Release|Any CPU
	EndGlobalSection
	GlobalSection(ProjectConfigurationPlatforms) = postSolution
		{AEBE8ED6-8826-4426-B793-DA6E8DFB8871}.Debug|Any CPU.ActiveCfg = Debug|Any CPU
		{AEBE8ED6-8826-4426-B793-DA6E8DFB8871}.Debug|Any CPU.Build.0 = Debug|Any CPU
		{AEBE8ED6-8826-4426-B793-DA6E8DFB8871}.Release|Any CPU.ActiveCfg = Release|Any CPU
		{AEBE8ED6-8826-4426-B793-DA6E8DFB8871}.Release|Any CPU.Build.0 = Release|Any CPU
	EndGlobalSection
	GlobalSection(SolutionProperties) = preSolution
		HideSolutionNode = FALSE
	EndGlobalSection
	GlobalSection(ExtensibilityGlobals) = postSolution
		SolutionGuid = {95CBD0F5-ED02-439A-9AD4-196B5B5BE079}
	EndGlobalSection
EndGlobal
