
Microsoft Visual Studio Solution File, Format Version 12.00
# Visual Studio 15
VisualStudioVersion = 15.0.28307.705
MinimumVisualStudioVersion = 10.0.40219.1
Project("{FAE04EC0-301F-11D3-BF4B-00C04F79EFBC}") = "Treasure_Island", "Treasure_Island\Treasure_Island.csproj", "{5D1A4BA6-357F-4091-84F5-F520757AAAEE}"
EndProject
Global
	GlobalSection(SolutionConfigurationPlatforms) = preSolution
		Debug|Any CPU = Debug|Any CPU
		Release|Any CPU = Release|Any CPU
	EndGlobalSection
	GlobalSection(ProjectConfigurationPlatforms) = postSolution
		{5D1A4BA6-357F-4091-84F5-F520757AAAEE}.Debug|Any CPU.ActiveCfg = Debug|Any CPU
		{5D1A4BA6-357F-4091-84F5-F520757AAAEE}.Debug|Any CPU.Build.0 = Debug|Any CPU
		{5D1A4BA6-357F-4091-84F5-F520757AAAEE}.Release|Any CPU.ActiveCfg = Release|Any CPU
		{5D1A4BA6-357F-4091-84F5-F520757AAAEE}.Release|Any CPU.Build.0 = Release|Any CPU
	EndGlobalSection
	GlobalSection(SolutionProperties) = preSolution
		HideSolutionNode = FALSE
	EndGlobalSection
	GlobalSection(ExtensibilityGlobals) = postSolution
		SolutionGuid = {65785B51-E526-4A1F-9B96-55BB0C6747AB}
	EndGlobalSection
EndGlobal
