
Microsoft Visual Studio Solution File, Format Version 12.00
# Visual Studio 15
VisualStudioVersion = 15.0.28307.705
MinimumVisualStudioVersion = 10.0.40219.1
Project("{FAE04EC0-301F-11D3-BF4B-00C04F79EFBC}") = "Find_Bottom_Left_Tree_Value", "Find_Bottom_Left_Tree_Value\Find_Bottom_Left_Tree_Value.csproj", "{49A47B73-3012-469C-A807-81043F0E565F}"
EndProject
Global
	GlobalSection(SolutionConfigurationPlatforms) = preSolution
		Debug|Any CPU = Debug|Any CPU
		Release|Any CPU = Release|Any CPU
	EndGlobalSection
	GlobalSection(ProjectConfigurationPlatforms) = postSolution
		{49A47B73-3012-469C-A807-81043F0E565F}.Debug|Any CPU.ActiveCfg = Debug|Any CPU
		{49A47B73-3012-469C-A807-81043F0E565F}.Debug|Any CPU.Build.0 = Debug|Any CPU
		{49A47B73-3012-469C-A807-81043F0E565F}.Release|Any CPU.ActiveCfg = Release|Any CPU
		{49A47B73-3012-469C-A807-81043F0E565F}.Release|Any CPU.Build.0 = Release|Any CPU
	EndGlobalSection
	GlobalSection(SolutionProperties) = preSolution
		HideSolutionNode = FALSE
	EndGlobalSection
	GlobalSection(ExtensibilityGlobals) = postSolution
		SolutionGuid = {C33F31EF-0D01-48E3-91A5-0AD94EB60114}
	EndGlobalSection
EndGlobal
