
Microsoft Visual Studio Solution File, Format Version 12.00
# Visual Studio 15
VisualStudioVersion = 15.0.28307.705
MinimumVisualStudioVersion = 10.0.40219.1
Project("{FAE04EC0-301F-11D3-BF4B-00C04F79EFBC}") = "Work_Break", "Work_Break\Work_Break.csproj", "{24E14779-7B19-4312-8E86-713BCEB0EB7C}"
EndProject
Global
	GlobalSection(SolutionConfigurationPlatforms) = preSolution
		Debug|Any CPU = Debug|Any CPU
		Release|Any CPU = Release|Any CPU
	EndGlobalSection
	GlobalSection(ProjectConfigurationPlatforms) = postSolution
		{24E14779-7B19-4312-8E86-713BCEB0EB7C}.Debug|Any CPU.ActiveCfg = Debug|Any CPU
		{24E14779-7B19-4312-8E86-713BCEB0EB7C}.Debug|Any CPU.Build.0 = Debug|Any CPU
		{24E14779-7B19-4312-8E86-713BCEB0EB7C}.Release|Any CPU.ActiveCfg = Release|Any CPU
		{24E14779-7B19-4312-8E86-713BCEB0EB7C}.Release|Any CPU.Build.0 = Release|Any CPU
	EndGlobalSection
	GlobalSection(SolutionProperties) = preSolution
		HideSolutionNode = FALSE
	EndGlobalSection
	GlobalSection(ExtensibilityGlobals) = postSolution
		SolutionGuid = {5492F4F9-FED9-4BB9-8D22-3B17C7F41983}
	EndGlobalSection
EndGlobal
