
Microsoft Visual Studio Solution File, Format Version 12.00
# Visual Studio 15
VisualStudioVersion = 15.0.28307.705
MinimumVisualStudioVersion = 10.0.40219.1
Project("{FAE04EC0-301F-11D3-BF4B-00C04F79EFBC}") = "Lowest_Common_Ancestor_of_a_BST", "Lowest_Common_Ancestor_of_a_BST\Lowest_Common_Ancestor_of_a_BST.csproj", "{380CDCB6-26E8-49C2-AABC-C44F9FE40D73}"
EndProject
Global
	GlobalSection(SolutionConfigurationPlatforms) = preSolution
		Debug|Any CPU = Debug|Any CPU
		Release|Any CPU = Release|Any CPU
	EndGlobalSection
	GlobalSection(ProjectConfigurationPlatforms) = postSolution
		{380CDCB6-26E8-49C2-AABC-C44F9FE40D73}.Debug|Any CPU.ActiveCfg = Debug|Any CPU
		{380CDCB6-26E8-49C2-AABC-C44F9FE40D73}.Debug|Any CPU.Build.0 = Debug|Any CPU
		{380CDCB6-26E8-49C2-AABC-C44F9FE40D73}.Release|Any CPU.ActiveCfg = Release|Any CPU
		{380CDCB6-26E8-49C2-AABC-C44F9FE40D73}.Release|Any CPU.Build.0 = Release|Any CPU
	EndGlobalSection
	GlobalSection(SolutionProperties) = preSolution
		HideSolutionNode = FALSE
	EndGlobalSection
	GlobalSection(ExtensibilityGlobals) = postSolution
		SolutionGuid = {A8F529DE-58A2-4276-A7C3-467F51369D62}
	EndGlobalSection
EndGlobal
