
Microsoft Visual Studio Solution File, Format Version 12.00
# Visual Studio 15
VisualStudioVersion = 15.0.28307.705
MinimumVisualStudioVersion = 10.0.40219.1
Project("{FAE04EC0-301F-11D3-BF4B-00C04F79EFBC}") = "Valid_Parentheses", "Valid_Parentheses\Valid_Parentheses.csproj", "{82A77DD0-E4BA-49A7-8466-6B4028C9ABF7}"
EndProject
Global
	GlobalSection(SolutionConfigurationPlatforms) = preSolution
		Debug|Any CPU = Debug|Any CPU
		Release|Any CPU = Release|Any CPU
	EndGlobalSection
	GlobalSection(ProjectConfigurationPlatforms) = postSolution
		{82A77DD0-E4BA-49A7-8466-6B4028C9ABF7}.Debug|Any CPU.ActiveCfg = Debug|Any CPU
		{82A77DD0-E4BA-49A7-8466-6B4028C9ABF7}.Debug|Any CPU.Build.0 = Debug|Any CPU
		{82A77DD0-E4BA-49A7-8466-6B4028C9ABF7}.Release|Any CPU.ActiveCfg = Release|Any CPU
		{82A77DD0-E4BA-49A7-8466-6B4028C9ABF7}.Release|Any CPU.Build.0 = Release|Any CPU
	EndGlobalSection
	GlobalSection(SolutionProperties) = preSolution
		HideSolutionNode = FALSE
	EndGlobalSection
	GlobalSection(ExtensibilityGlobals) = postSolution
		SolutionGuid = {B80A50F3-2BD8-4889-B7F6-7909E4757D8B}
	EndGlobalSection
EndGlobal
