
Microsoft Visual Studio Solution File, Format Version 12.00
# Visual Studio 15
VisualStudioVersion = 15.0.28307.705
MinimumVisualStudioVersion = 10.0.40219.1
Project("{FAE04EC0-301F-11D3-BF4B-00C04F79EFBC}") = "Max_Area_of_Island", "Max_Area_of_Island\Max_Area_of_Island.csproj", "{46EF730E-0330-4E63-9843-92ADE33CBCE9}"
EndProject
Global
	GlobalSection(SolutionConfigurationPlatforms) = preSolution
		Debug|Any CPU = Debug|Any CPU
		Release|Any CPU = Release|Any CPU
	EndGlobalSection
	GlobalSection(ProjectConfigurationPlatforms) = postSolution
		{46EF730E-0330-4E63-9843-92ADE33CBCE9}.Debug|Any CPU.ActiveCfg = Debug|Any CPU
		{46EF730E-0330-4E63-9843-92ADE33CBCE9}.Debug|Any CPU.Build.0 = Debug|Any CPU
		{46EF730E-0330-4E63-9843-92ADE33CBCE9}.Release|Any CPU.ActiveCfg = Release|Any CPU
		{46EF730E-0330-4E63-9843-92ADE33CBCE9}.Release|Any CPU.Build.0 = Release|Any CPU
	EndGlobalSection
	GlobalSection(SolutionProperties) = preSolution
		HideSolutionNode = FALSE
	EndGlobalSection
	GlobalSection(ExtensibilityGlobals) = postSolution
		SolutionGuid = {17BB65B3-090B-4AB6-A8F7-719FC23E3213}
	EndGlobalSection
EndGlobal
