
Microsoft Visual Studio Solution File, Format Version 12.00
# Visual Studio 15
VisualStudioVersion = 15.0.28307.705
MinimumVisualStudioVersion = 10.0.40219.1
Project("{FAE04EC0-301F-11D3-BF4B-00C04F79EFBC}") = "Word_Break_II", "Word_Break_II\Word_Break_II.csproj", "{B6D958C5-88F3-45F4-844A-E8739931B9AA}"
EndProject
Global
	GlobalSection(SolutionConfigurationPlatforms) = preSolution
		Debug|Any CPU = Debug|Any CPU
		Release|Any CPU = Release|Any CPU
	EndGlobalSection
	GlobalSection(ProjectConfigurationPlatforms) = postSolution
		{B6D958C5-88F3-45F4-844A-E8739931B9AA}.Debug|Any CPU.ActiveCfg = Debug|Any CPU
		{B6D958C5-88F3-45F4-844A-E8739931B9AA}.Debug|Any CPU.Build.0 = Debug|Any CPU
		{B6D958C5-88F3-45F4-844A-E8739931B9AA}.Release|Any CPU.ActiveCfg = Release|Any CPU
		{B6D958C5-88F3-45F4-844A-E8739931B9AA}.Release|Any CPU.Build.0 = Release|Any CPU
	EndGlobalSection
	GlobalSection(SolutionProperties) = preSolution
		HideSolutionNode = FALSE
	EndGlobalSection
	GlobalSection(ExtensibilityGlobals) = postSolution
		SolutionGuid = {126DB2F5-7D58-470F-AA63-EAC2A9745C77}
	EndGlobalSection
EndGlobal
