
Microsoft Visual Studio Solution File, Format Version 12.00
# Visual Studio 15
VisualStudioVersion = 15.0.28307.705
MinimumVisualStudioVersion = 10.0.40219.1
Project("{FAE04EC0-301F-11D3-BF4B-00C04F79EFBC}") = "Add_Two_Numbers", "Add_Two_Numbers\Add_Two_Numbers.csproj", "{FC12DF37-5928-4E3F-BE97-6692482C3CFB}"
EndProject
Global
	GlobalSection(SolutionConfigurationPlatforms) = preSolution
		Debug|Any CPU = Debug|Any CPU
		Release|Any CPU = Release|Any CPU
	EndGlobalSection
	GlobalSection(ProjectConfigurationPlatforms) = postSolution
		{FC12DF37-5928-4E3F-BE97-6692482C3CFB}.Debug|Any CPU.ActiveCfg = Debug|Any CPU
		{FC12DF37-5928-4E3F-BE97-6692482C3CFB}.Debug|Any CPU.Build.0 = Debug|Any CPU
		{FC12DF37-5928-4E3F-BE97-6692482C3CFB}.Release|Any CPU.ActiveCfg = Release|Any CPU
		{FC12DF37-5928-4E3F-BE97-6692482C3CFB}.Release|Any CPU.Build.0 = Release|Any CPU
	EndGlobalSection
	GlobalSection(SolutionProperties) = preSolution
		HideSolutionNode = FALSE
	EndGlobalSection
	GlobalSection(ExtensibilityGlobals) = postSolution
		SolutionGuid = {75DFF244-E274-42BF-9B37-FB476E6E88D0}
	EndGlobalSection
EndGlobal
