
Microsoft Visual Studio Solution File, Format Version 12.00
# Visual Studio 15
VisualStudioVersion = 15.0.28307.705
MinimumVisualStudioVersion = 10.0.40219.1
Project("{FAE04EC0-301F-11D3-BF4B-00C04F79EFBC}") = "Populating_Next_Right_Pointers", "Populating_Next_Right_Pointers\Populating_Next_Right_Pointers.csproj", "{875C222F-9D04-48E9-A613-465DE0266FB6}"
EndProject
Global
	GlobalSection(SolutionConfigurationPlatforms) = preSolution
		Debug|Any CPU = Debug|Any CPU
		Release|Any CPU = Release|Any CPU
	EndGlobalSection
	GlobalSection(ProjectConfigurationPlatforms) = postSolution
		{875C222F-9D04-48E9-A613-465DE0266FB6}.Debug|Any CPU.ActiveCfg = Debug|Any CPU
		{875C222F-9D04-48E9-A613-465DE0266FB6}.Debug|Any CPU.Build.0 = Debug|Any CPU
		{875C222F-9D04-48E9-A613-465DE0266FB6}.Release|Any CPU.ActiveCfg = Release|Any CPU
		{875C222F-9D04-48E9-A613-465DE0266FB6}.Release|Any CPU.Build.0 = Release|Any CPU
	EndGlobalSection
	GlobalSection(SolutionProperties) = preSolution
		HideSolutionNode = FALSE
	EndGlobalSection
	GlobalSection(ExtensibilityGlobals) = postSolution
		SolutionGuid = {5E79B922-C9CD-4382-8D3E-DB4E73BA531C}
	EndGlobalSection
EndGlobal
