
Microsoft Visual Studio Solution File, Format Version 12.00
# Visual Studio 15
VisualStudioVersion = 15.0.28307.705
MinimumVisualStudioVersion = 10.0.40219.1
Project("{FAE04EC0-301F-11D3-BF4B-00C04F79EFBC}") = "Integer_to_Roman", "Integer_to_Roman\Integer_to_Roman.csproj", "{6AEAB890-4F38-4AAC-873B-7B66058C6D58}"
EndProject
Global
	GlobalSection(SolutionConfigurationPlatforms) = preSolution
		Debug|Any CPU = Debug|Any CPU
		Release|Any CPU = Release|Any CPU
	EndGlobalSection
	GlobalSection(ProjectConfigurationPlatforms) = postSolution
		{6AEAB890-4F38-4AAC-873B-7B66058C6D58}.Debug|Any CPU.ActiveCfg = Debug|Any CPU
		{6AEAB890-4F38-4AAC-873B-7B66058C6D58}.Debug|Any CPU.Build.0 = Debug|Any CPU
		{6AEAB890-4F38-4AAC-873B-7B66058C6D58}.Release|Any CPU.ActiveCfg = Release|Any CPU
		{6AEAB890-4F38-4AAC-873B-7B66058C6D58}.Release|Any CPU.Build.0 = Release|Any CPU
	EndGlobalSection
	GlobalSection(SolutionProperties) = preSolution
		HideSolutionNode = FALSE
	EndGlobalSection
	GlobalSection(ExtensibilityGlobals) = postSolution
		SolutionGuid = {6A3E835C-7ADB-4F98-9E4E-03BFC28E5755}
	EndGlobalSection
EndGlobal
