
Microsoft Visual Studio Solution File, Format Version 12.00
# Visual Studio 15
VisualStudioVersion = 15.0.28307.705
MinimumVisualStudioVersion = 10.0.40219.1
Project("{FAE04EC0-301F-11D3-BF4B-00C04F79EFBC}") = "Reverse_Linked_List", "Reverse_Linked_List\Reverse_Linked_List.csproj", "{473D65D6-E517-4600-9196-EC5154F07EE4}"
EndProject
Global
	GlobalSection(SolutionConfigurationPlatforms) = preSolution
		Debug|Any CPU = Debug|Any CPU
		Release|Any CPU = Release|Any CPU
	EndGlobalSection
	GlobalSection(ProjectConfigurationPlatforms) = postSolution
		{473D65D6-E517-4600-9196-EC5154F07EE4}.Debug|Any CPU.ActiveCfg = Debug|Any CPU
		{473D65D6-E517-4600-9196-EC5154F07EE4}.Debug|Any CPU.Build.0 = Debug|Any CPU
		{473D65D6-E517-4600-9196-EC5154F07EE4}.Release|Any CPU.ActiveCfg = Release|Any CPU
		{473D65D6-E517-4600-9196-EC5154F07EE4}.Release|Any CPU.Build.0 = Release|Any CPU
	EndGlobalSection
	GlobalSection(SolutionProperties) = preSolution
		HideSolutionNode = FALSE
	EndGlobalSection
	GlobalSection(ExtensibilityGlobals) = postSolution
		SolutionGuid = {D3E7C5FA-3275-4DEF-82F9-4ACEE6666D93}
	EndGlobalSection
EndGlobal
