
Microsoft Visual Studio Solution File, Format Version 12.00
# Visual Studio 15
VisualStudioVersion = 15.0.28307.705
MinimumVisualStudioVersion = 10.0.40219.1
Project("{FAE04EC0-301F-11D3-BF4B-00C04F79EFBC}") = "Next_Greater_Node_In_Linked_List", "Next_Greater_Node_In_Linked_List\Next_Greater_Node_In_Linked_List.csproj", "{21894165-9535-481D-A531-8CF8C3DB8339}"
EndProject
Global
	GlobalSection(SolutionConfigurationPlatforms) = preSolution
		Debug|Any CPU = Debug|Any CPU
		Release|Any CPU = Release|Any CPU
	EndGlobalSection
	GlobalSection(ProjectConfigurationPlatforms) = postSolution
		{21894165-9535-481D-A531-8CF8C3DB8339}.Debug|Any CPU.ActiveCfg = Debug|Any CPU
		{21894165-9535-481D-A531-8CF8C3DB8339}.Debug|Any CPU.Build.0 = Debug|Any CPU
		{21894165-9535-481D-A531-8CF8C3DB8339}.Release|Any CPU.ActiveCfg = Release|Any CPU
		{21894165-9535-481D-A531-8CF8C3DB8339}.Release|Any CPU.Build.0 = Release|Any CPU
	EndGlobalSection
	GlobalSection(SolutionProperties) = preSolution
		HideSolutionNode = FALSE
	EndGlobalSection
	GlobalSection(ExtensibilityGlobals) = postSolution
		SolutionGuid = {AC8F97B9-CEF0-4F86-B79C-103E374A3888}
	EndGlobalSection
EndGlobal
