
Microsoft Visual Studio Solution File, Format Version 12.00
# Visual Studio 15
VisualStudioVersion = 15.0.28307.705
MinimumVisualStudioVersion = 10.0.40219.1
Project("{FAE04EC0-301F-11D3-BF4B-00C04F79EFBC}") = "Shortest_Unsorted_Continuous_Subarray", "Shortest_Unsorted_Continuous_Subarray\Shortest_Unsorted_Continuous_Subarray.csproj", "{0C41BF0F-BFFF-433A-9681-D719F5DECD62}"
EndProject
Global
	GlobalSection(SolutionConfigurationPlatforms) = preSolution
		Debug|Any CPU = Debug|Any CPU
		Release|Any CPU = Release|Any CPU
	EndGlobalSection
	GlobalSection(ProjectConfigurationPlatforms) = postSolution
		{0C41BF0F-BFFF-433A-9681-D719F5DECD62}.Debug|Any CPU.ActiveCfg = Debug|Any CPU
		{0C41BF0F-BFFF-433A-9681-D719F5DECD62}.Debug|Any CPU.Build.0 = Debug|Any CPU
		{0C41BF0F-BFFF-433A-9681-D719F5DECD62}.Release|Any CPU.ActiveCfg = Release|Any CPU
		{0C41BF0F-BFFF-433A-9681-D719F5DECD62}.Release|Any CPU.Build.0 = Release|Any CPU
	EndGlobalSection
	GlobalSection(SolutionProperties) = preSolution
		HideSolutionNode = FALSE
	EndGlobalSection
	GlobalSection(ExtensibilityGlobals) = postSolution
		SolutionGuid = {24BF8F58-C727-4626-96F2-0850ABDE5302}
	EndGlobalSection
EndGlobal
