
Microsoft Visual Studio Solution File, Format Version 12.00
# Visual Studio 15
VisualStudioVersion = 15.0.28307.705
MinimumVisualStudioVersion = 10.0.40219.1
Project("{FAE04EC0-301F-11D3-BF4B-00C04F79EFBC}") = "Critical_Connections", "Critical_Connections\Critical_Connections.csproj", "{726DB65C-453F-4C55-B328-C1DF7EC2AAF0}"
EndProject
Global
	GlobalSection(SolutionConfigurationPlatforms) = preSolution
		Debug|Any CPU = Debug|Any CPU
		Release|Any CPU = Release|Any CPU
	EndGlobalSection
	GlobalSection(ProjectConfigurationPlatforms) = postSolution
		{726DB65C-453F-4C55-B328-C1DF7EC2AAF0}.Debug|Any CPU.ActiveCfg = Debug|Any CPU
		{726DB65C-453F-4C55-B328-C1DF7EC2AAF0}.Debug|Any CPU.Build.0 = Debug|Any CPU
		{726DB65C-453F-4C55-B328-C1DF7EC2AAF0}.Release|Any CPU.ActiveCfg = Release|Any CPU
		{726DB65C-453F-4C55-B328-C1DF7EC2AAF0}.Release|Any CPU.Build.0 = Release|Any CPU
	EndGlobalSection
	GlobalSection(SolutionProperties) = preSolution
		HideSolutionNode = FALSE
	EndGlobalSection
	GlobalSection(ExtensibilityGlobals) = postSolution
		SolutionGuid = {41FA0366-9E9C-4BDF-8844-8996238455DB}
	EndGlobalSection
EndGlobal
