
Microsoft Visual Studio Solution File, Format Version 12.00
# Visual Studio 15
VisualStudioVersion = 15.0.28307.705
MinimumVisualStudioVersion = 10.0.40219.1
Project("{FAE04EC0-301F-11D3-BF4B-00C04F79EFBC}") = "Sort_Characters_By_Frequency", "Sort_Characters_By_Frequency\Sort_Characters_By_Frequency.csproj", "{50D1FB59-EC90-4478-B2DA-5E6D535BA010}"
EndProject
Global
	GlobalSection(SolutionConfigurationPlatforms) = preSolution
		Debug|Any CPU = Debug|Any CPU
		Release|Any CPU = Release|Any CPU
	EndGlobalSection
	GlobalSection(ProjectConfigurationPlatforms) = postSolution
		{50D1FB59-EC90-4478-B2DA-5E6D535BA010}.Debug|Any CPU.ActiveCfg = Debug|Any CPU
		{50D1FB59-EC90-4478-B2DA-5E6D535BA010}.Debug|Any CPU.Build.0 = Debug|Any CPU
		{50D1FB59-EC90-4478-B2DA-5E6D535BA010}.Release|Any CPU.ActiveCfg = Release|Any CPU
		{50D1FB59-EC90-4478-B2DA-5E6D535BA010}.Release|Any CPU.Build.0 = Release|Any CPU
	EndGlobalSection
	GlobalSection(SolutionProperties) = preSolution
		HideSolutionNode = FALSE
	EndGlobalSection
	GlobalSection(ExtensibilityGlobals) = postSolution
		SolutionGuid = {7E48948F-329E-4FEB-9F6A-FF82927AD6EA}
	EndGlobalSection
EndGlobal
