
Microsoft Visual Studio Solution File, Format Version 12.00
# Visual Studio 15
VisualStudioVersion = 15.0.28307.705
MinimumVisualStudioVersion = 10.0.40219.1
Project("{FAE04EC0-301F-11D3-BF4B-00C04F79EFBC}") = "Container_With_Most_Water", "Container_With_Most_Water\Container_With_Most_Water.csproj", "{4A5C219F-165E-4CD1-967D-832FB1B36C71}"
EndProject
Global
	GlobalSection(SolutionConfigurationPlatforms) = preSolution
		Debug|Any CPU = Debug|Any CPU
		Release|Any CPU = Release|Any CPU
	EndGlobalSection
	GlobalSection(ProjectConfigurationPlatforms) = postSolution
		{4A5C219F-165E-4CD1-967D-832FB1B36C71}.Debug|Any CPU.ActiveCfg = Debug|Any CPU
		{4A5C219F-165E-4CD1-967D-832FB1B36C71}.Debug|Any CPU.Build.0 = Debug|Any CPU
		{4A5C219F-165E-4CD1-967D-832FB1B36C71}.Release|Any CPU.ActiveCfg = Release|Any CPU
		{4A5C219F-165E-4CD1-967D-832FB1B36C71}.Release|Any CPU.Build.0 = Release|Any CPU
	EndGlobalSection
	GlobalSection(SolutionProperties) = preSolution
		HideSolutionNode = FALSE
	EndGlobalSection
	GlobalSection(ExtensibilityGlobals) = postSolution
		SolutionGuid = {1425AD5A-C1AC-42F1-93A6-CED942179474}
	EndGlobalSection
EndGlobal
