
Microsoft Visual Studio Solution File, Format Version 12.00
# Visual Studio 15
VisualStudioVersion = 15.0.28307.705
MinimumVisualStudioVersion = 10.0.40219.1
Project("{FAE04EC0-301F-11D3-BF4B-00C04F79EFBC}") = "Jump_Game", "Jump_Game\Jump_Game.csproj", "{B77DB25C-5E06-4704-B982-EDADF2AABDFF}"
EndProject
Global
	GlobalSection(SolutionConfigurationPlatforms) = preSolution
		Debug|Any CPU = Debug|Any CPU
		Release|Any CPU = Release|Any CPU
	EndGlobalSection
	GlobalSection(ProjectConfigurationPlatforms) = postSolution
		{B77DB25C-5E06-4704-B982-EDADF2AABDFF}.Debug|Any CPU.ActiveCfg = Debug|Any CPU
		{B77DB25C-5E06-4704-B982-EDADF2AABDFF}.Debug|Any CPU.Build.0 = Debug|Any CPU
		{B77DB25C-5E06-4704-B982-EDADF2AABDFF}.Release|Any CPU.ActiveCfg = Release|Any CPU
		{B77DB25C-5E06-4704-B982-EDADF2AABDFF}.Release|Any CPU.Build.0 = Release|Any CPU
	EndGlobalSection
	GlobalSection(SolutionProperties) = preSolution
		HideSolutionNode = FALSE
	EndGlobalSection
	GlobalSection(ExtensibilityGlobals) = postSolution
		SolutionGuid = {85985B8F-C43C-452F-A8B1-623D9CB6ED21}
	EndGlobalSection
EndGlobal
