
Microsoft Visual Studio Solution File, Format Version 12.00
# Visual Studio 15
VisualStudioVersion = 15.0.28307.705
MinimumVisualStudioVersion = 10.0.40219.1
Project("{FAE04EC0-301F-11D3-BF4B-00C04F79EFBC}") = "Top_K_Frequent_Elements", "Top_K_Frequent_Elements\Top_K_Frequent_Elements.csproj", "{66A56E11-15E5-4406-B838-E135C903224E}"
EndProject
Global
	GlobalSection(SolutionConfigurationPlatforms) = preSolution
		Debug|Any CPU = Debug|Any CPU
		Release|Any CPU = Release|Any CPU
	EndGlobalSection
	GlobalSection(ProjectConfigurationPlatforms) = postSolution
		{66A56E11-15E5-4406-B838-E135C903224E}.Debug|Any CPU.ActiveCfg = Debug|Any CPU
		{66A56E11-15E5-4406-B838-E135C903224E}.Debug|Any CPU.Build.0 = Debug|Any CPU
		{66A56E11-15E5-4406-B838-E135C903224E}.Release|Any CPU.ActiveCfg = Release|Any CPU
		{66A56E11-15E5-4406-B838-E135C903224E}.Release|Any CPU.Build.0 = Release|Any CPU
	EndGlobalSection
	GlobalSection(SolutionProperties) = preSolution
		HideSolutionNode = FALSE
	EndGlobalSection
	GlobalSection(ExtensibilityGlobals) = postSolution
		SolutionGuid = {C23C3C0D-5B6F-4A3A-B2CC-544C66C3DF1B}
	EndGlobalSection
EndGlobal
